
Microsoft Visual Studio Solution File, Format Version 12.00
# Visual Studio Version 17
VisualStudioVersion = 17.3.32804.467
MinimumVisualStudioVersion = 10.0.40219.1
Project("{FAE04EC0-301F-11D3-BF4B-00C04F79EFBC}") = "WorldCupOnline-API", "WorldCupOnline-API\WorldCupOnline-API.csproj", "{465A2BD8-919D-4BCE-B460-CA18FF2432E8}"
EndProject
Global
	GlobalSection(SolutionConfigurationPlatforms) = preSolution
		Debug|Any CPU = Debug|Any CPU
		Release|Any CPU = Release|Any CPU
	EndGlobalSection
	GlobalSection(ProjectConfigurationPlatforms) = postSolution
		{465A2BD8-919D-4BCE-B460-CA18FF2432E8}.Debug|Any CPU.ActiveCfg = Debug|Any CPU
		{465A2BD8-919D-4BCE-B460-CA18FF2432E8}.Debug|Any CPU.Build.0 = Debug|Any CPU
		{465A2BD8-919D-4BCE-B460-CA18FF2432E8}.Release|Any CPU.ActiveCfg = Release|Any CPU
		{465A2BD8-919D-4BCE-B460-CA18FF2432E8}.Release|Any CPU.Build.0 = Release|Any CPU
	EndGlobalSection
	GlobalSection(SolutionProperties) = preSolution
		HideSolutionNode = FALSE
	EndGlobalSection
	GlobalSection(ExtensibilityGlobals) = postSolution
		SolutionGuid = {98C520AB-25D0-45F1-9236-432534412956}
	EndGlobalSection
EndGlobal
